
Microsoft Visual Studio Solution File, Format Version 11.00
# Visual Studio 2010
Project("{FAE04EC0-301F-11D3-BF4B-00C04F79EFBC}") = "UnityExperiments", "Assembly-CSharp.csproj", "{34694D94-4BA3-D857-AE3E-3310B2773268}"
EndProject
Project("{FAE04EC0-301F-11D3-BF4B-00C04F79EFBC}") = "UnityExperiments", "Assembly-CSharp-firstpass.csproj", "{D189A7AD-1E8B-D020-09B9-E0FFEBFF8A26}"
EndProject
Global
	GlobalSection(SolutionConfigurationPlatforms) = preSolution
		Debug|Any CPU = Debug|Any CPU
		Release|Any CPU = Release|Any CPU
	EndGlobalSection
	GlobalSection(ProjectConfigurationPlatforms) = postSolution
		{34694D94-4BA3-D857-AE3E-3310B2773268}.Debug|Any CPU.ActiveCfg = Debug|Any CPU
		{34694D94-4BA3-D857-AE3E-3310B2773268}.Debug|Any CPU.Build.0 = Debug|Any CPU
		{34694D94-4BA3-D857-AE3E-3310B2773268}.Release|Any CPU.ActiveCfg = Release|Any CPU
		{34694D94-4BA3-D857-AE3E-3310B2773268}.Release|Any CPU.Build.0 = Release|Any CPU
		{D189A7AD-1E8B-D020-09B9-E0FFEBFF8A26}.Debug|Any CPU.ActiveCfg = Debug|Any CPU
		{D189A7AD-1E8B-D020-09B9-E0FFEBFF8A26}.Debug|Any CPU.Build.0 = Debug|Any CPU
		{D189A7AD-1E8B-D020-09B9-E0FFEBFF8A26}.Release|Any CPU.ActiveCfg = Release|Any CPU
		{D189A7AD-1E8B-D020-09B9-E0FFEBFF8A26}.Release|Any CPU.Build.0 = Release|Any CPU
	EndGlobalSection
	GlobalSection(SolutionProperties) = preSolution
		HideSolutionNode = FALSE
	EndGlobalSection
	GlobalSection(MonoDevelopProperties) = preSolution
		StartupItem = Assembly-CSharp.csproj
	EndGlobalSection
EndGlobal
